// !$*UTF8*$!
{
	archiveVersion = 1;
	classes = {
	};
	objectVersion = 50;
	objects = {

/* Begin PBXBuildFile section */
		4C4FF7AF230F620B00DAC450 /* AppDelegate.swift in Sources */ = {isa = PBXBuildFile; fileRef = 4C4FF7AE230F620B00DAC450 /* AppDelegate.swift */; };
		4C4FF7B1230F620B00DAC450 /* FirstViewController.swift in Sources */ = {isa = PBXBuildFile; fileRef = 4C4FF7B0230F620B00DAC450 /* FirstViewController.swift */; };
		4C4FF7B3230F620B00DAC450 /* SecondViewController.swift in Sources */ = {isa = PBXBuildFile; fileRef = 4C4FF7B2230F620B00DAC450 /* SecondViewController.swift */; };
		4C4FF7B6230F620B00DAC450 /* Main.storyboard in Resources */ = {isa = PBXBuildFile; fileRef = 4C4FF7B4230F620B00DAC450 /* Main.storyboard */; };
		4C4FF7B8230F620D00DAC450 /* Assets.xcassets in Resources */ = {isa = PBXBuildFile; fileRef = 4C4FF7B7230F620D00DAC450 /* Assets.xcassets */; };
		4C4FF7BB230F620D00DAC450 /* LaunchScreen.storyboard in Resources */ = {isa = PBXBuildFile; fileRef = 4C4FF7B9230F620D00DAC450 /* LaunchScreen.storyboard */; };
		4C4FF7C6230F620D00DAC450 /* HabiTrackTests.swift in Sources */ = {isa = PBXBuildFile; fileRef = 4C4FF7C5230F620D00DAC450 /* HabiTrackTests.swift */; };
		4C4FF7D1230F620D00DAC450 /* HabiTrackUITests.swift in Sources */ = {isa = PBXBuildFile; fileRef = 4C4FF7D0230F620D00DAC450 /* HabiTrackUITests.swift */; };
		4C89B815231B62D500AE45F4 /* Journal.swift in Sources */ = {isa = PBXBuildFile; fileRef = 4C89B814231B62D500AE45F4 /* Journal.swift */; };
		4CB004C82311A59400417248 /* SQLite.framework in Frameworks */ = {isa = PBXBuildFile; fileRef = 4CB004BA2311A56E00417248 /* SQLite.framework */; };
		4CB004C92311A59400417248 /* SQLite.framework in Embed Frameworks */ = {isa = PBXBuildFile; fileRef = 4CB004BA2311A56E00417248 /* SQLite.framework */; settings = {ATTRIBUTES = (CodeSignOnCopy, RemoveHeadersOnCopy, ); }; };
/* End PBXBuildFile section */

/* Begin PBXContainerItemProxy section */
		4C4FF7C2230F620D00DAC450 /* PBXContainerItemProxy */ = {
			isa = PBXContainerItemProxy;
			containerPortal = 4C4FF7A3230F620B00DAC450 /* Project object */;
			proxyType = 1;
			remoteGlobalIDString = 4C4FF7AA230F620B00DAC450;
			remoteInfo = HabiTrack;
		};
		4C4FF7CD230F620D00DAC450 /* PBXContainerItemProxy */ = {
			isa = PBXContainerItemProxy;
			containerPortal = 4C4FF7A3230F620B00DAC450 /* Project object */;
			proxyType = 1;
			remoteGlobalIDString = 4C4FF7AA230F620B00DAC450;
			remoteInfo = HabiTrack;
		};
		4CB004B92311A56E00417248 /* PBXContainerItemProxy */ = {
			isa = PBXContainerItemProxy;
			containerPortal = 4CB004AF2311A56D00417248 /* SQLite.xcodeproj */;
			proxyType = 2;
			remoteGlobalIDString = EE247AD31C3F04ED00AE3E12;
			remoteInfo = "SQLite iOS";
		};
		4CB004BB2311A56E00417248 /* PBXContainerItemProxy */ = {
			isa = PBXContainerItemProxy;
			containerPortal = 4CB004AF2311A56D00417248 /* SQLite.xcodeproj */;
			proxyType = 2;
			remoteGlobalIDString = EE247ADD1C3F04ED00AE3E12;
			remoteInfo = "SQLiteTests iOS";
		};
		4CB004BD2311A56E00417248 /* PBXContainerItemProxy */ = {
			isa = PBXContainerItemProxy;
			containerPortal = 4CB004AF2311A56D00417248 /* SQLite.xcodeproj */;
			proxyType = 2;
			remoteGlobalIDString = EE247B3C1C3F3ED000AE3E12;
			remoteInfo = "SQLite Mac";
		};
		4CB004BF2311A56E00417248 /* PBXContainerItemProxy */ = {
			isa = PBXContainerItemProxy;
			containerPortal = 4CB004AF2311A56D00417248 /* SQLite.xcodeproj */;
			proxyType = 2;
			remoteGlobalIDString = EE247B451C3F3ED000AE3E12;
			remoteInfo = "SQLiteTests Mac";
		};
		4CB004C12311A56E00417248 /* PBXContainerItemProxy */ = {
			isa = PBXContainerItemProxy;
			containerPortal = 4CB004AF2311A56D00417248 /* SQLite.xcodeproj */;
			proxyType = 2;
			remoteGlobalIDString = 03A65E5A1C6BB0F50062603F;
			remoteInfo = "SQLite tvOS";
		};
		4CB004C32311A56E00417248 /* PBXContainerItemProxy */ = {
			isa = PBXContainerItemProxy;
			containerPortal = 4CB004AF2311A56D00417248 /* SQLite.xcodeproj */;
			proxyType = 2;
			remoteGlobalIDString = 03A65E631C6BB0F60062603F;
			remoteInfo = "SQLiteTests tvOS";
		};
		4CB004C52311A56E00417248 /* PBXContainerItemProxy */ = {
			isa = PBXContainerItemProxy;
			containerPortal = 4CB004AF2311A56D00417248 /* SQLite.xcodeproj */;
			proxyType = 2;
			remoteGlobalIDString = A121AC451CA35C79005A31D1;
			remoteInfo = "SQLite watchOS";
		};
		4CB004CA2311A59400417248 /* PBXContainerItemProxy */ = {
			isa = PBXContainerItemProxy;
			containerPortal = 4CB004AF2311A56D00417248 /* SQLite.xcodeproj */;
			proxyType = 1;
			remoteGlobalIDString = EE247AD21C3F04ED00AE3E12;
			remoteInfo = "SQLite iOS";
		};
/* End PBXContainerItemProxy section */

/* Begin PBXCopyFilesBuildPhase section */
		4C1E45D02310A6A8004A3B7C /* Embed Frameworks */ = {
			isa = PBXCopyFilesBuildPhase;
			buildActionMask = 2147483647;
			dstPath = "";
			dstSubfolderSpec = 10;
			files = (
				4CB004C92311A59400417248 /* SQLite.framework in Embed Frameworks */,
			);
			name = "Embed Frameworks";
			runOnlyForDeploymentPostprocessing = 0;
		};
/* End PBXCopyFilesBuildPhase section */

/* Begin PBXFileReference section */
		4C4FF7AB230F620B00DAC450 /* HabiTrack.app */ = {isa = PBXFileReference; explicitFileType = wrapper.application; includeInIndex = 0; path = HabiTrack.app; sourceTree = BUILT_PRODUCTS_DIR; };
		4C4FF7AE230F620B00DAC450 /* AppDelegate.swift */ = {isa = PBXFileReference; lastKnownFileType = sourcecode.swift; path = AppDelegate.swift; sourceTree = "<group>"; };
		4C4FF7B0230F620B00DAC450 /* FirstViewController.swift */ = {isa = PBXFileReference; lastKnownFileType = sourcecode.swift; path = FirstViewController.swift; sourceTree = "<group>"; };
		4C4FF7B2230F620B00DAC450 /* SecondViewController.swift */ = {isa = PBXFileReference; lastKnownFileType = sourcecode.swift; path = SecondViewController.swift; sourceTree = "<group>"; };
		4C4FF7B5230F620B00DAC450 /* Base */ = {isa = PBXFileReference; lastKnownFileType = file.storyboard; name = Base; path = Base.lproj/Main.storyboard; sourceTree = "<group>"; };
		4C4FF7B7230F620D00DAC450 /* Assets.xcassets */ = {isa = PBXFileReference; lastKnownFileType = folder.assetcatalog; path = Assets.xcassets; sourceTree = "<group>"; };
		4C4FF7BA230F620D00DAC450 /* Base */ = {isa = PBXFileReference; lastKnownFileType = file.storyboard; name = Base; path = Base.lproj/LaunchScreen.storyboard; sourceTree = "<group>"; };
		4C4FF7BC230F620D00DAC450 /* Info.plist */ = {isa = PBXFileReference; lastKnownFileType = text.plist.xml; path = Info.plist; sourceTree = "<group>"; };
		4C4FF7C1230F620D00DAC450 /* HabiTrackTests.xctest */ = {isa = PBXFileReference; explicitFileType = wrapper.cfbundle; includeInIndex = 0; path = HabiTrackTests.xctest; sourceTree = BUILT_PRODUCTS_DIR; };
		4C4FF7C5230F620D00DAC450 /* HabiTrackTests.swift */ = {isa = PBXFileReference; lastKnownFileType = sourcecode.swift; path = HabiTrackTests.swift; sourceTree = "<group>"; };
		4C4FF7C7230F620D00DAC450 /* Info.plist */ = {isa = PBXFileReference; lastKnownFileType = text.plist.xml; path = Info.plist; sourceTree = "<group>"; };
		4C4FF7CC230F620D00DAC450 /* HabiTrackUITests.xctest */ = {isa = PBXFileReference; explicitFileType = wrapper.cfbundle; includeInIndex = 0; path = HabiTrackUITests.xctest; sourceTree = BUILT_PRODUCTS_DIR; };
		4C4FF7D0230F620D00DAC450 /* HabiTrackUITests.swift */ = {isa = PBXFileReference; lastKnownFileType = sourcecode.swift; path = HabiTrackUITests.swift; sourceTree = "<group>"; };
		4C4FF7D2230F620D00DAC450 /* Info.plist */ = {isa = PBXFileReference; lastKnownFileType = text.plist.xml; path = Info.plist; sourceTree = "<group>"; };
		4C89B814231B62D500AE45F4 /* Journal.swift */ = {isa = PBXFileReference; lastKnownFileType = sourcecode.swift; path = Journal.swift; sourceTree = "<group>"; };
		4CB004AF2311A56D00417248 /* SQLite.xcodeproj */ = {isa = PBXFileReference; lastKnownFileType = "wrapper.pb-project"; name = SQLite.xcodeproj; path = "../SQLite.swift-master/SQLite.xcodeproj"; sourceTree = "<group>"; };
/* End PBXFileReference section */

/* Begin PBXFrameworksBuildPhase section */
		4C4FF7A8230F620B00DAC450 /* Frameworks */ = {
			isa = PBXFrameworksBuildPhase;
			buildActionMask = 2147483647;
			files = (
				4CB004C82311A59400417248 /* SQLite.framework in Frameworks */,
			);
			runOnlyForDeploymentPostprocessing = 0;
		};
		4C4FF7BE230F620D00DAC450 /* Frameworks */ = {
			isa = PBXFrameworksBuildPhase;
			buildActionMask = 2147483647;
			files = (
			);
			runOnlyForDeploymentPostprocessing = 0;
		};
		4C4FF7C9230F620D00DAC450 /* Frameworks */ = {
			isa = PBXFrameworksBuildPhase;
			buildActionMask = 2147483647;
			files = (
			);
			runOnlyForDeploymentPostprocessing = 0;
		};
/* End PBXFrameworksBuildPhase section */

/* Begin PBXGroup section */
		4C1E45CA2310A69A004A3B7C /* Frameworks */ = {
			isa = PBXGroup;
			children = (
			);
			name = Frameworks;
			sourceTree = "<group>";
		};
		4C4FF7A2230F620B00DAC450 = {
			isa = PBXGroup;
			children = (
				4CB004AF2311A56D00417248 /* SQLite.xcodeproj */,
				4C4FF7AD230F620B00DAC450 /* HabiTrack */,
				4C4FF7C4230F620D00DAC450 /* HabiTrackTests */,
				4C4FF7CF230F620D00DAC450 /* HabiTrackUITests */,
				4C4FF7AC230F620B00DAC450 /* Products */,
				4C1E45CA2310A69A004A3B7C /* Frameworks */,
			);
			sourceTree = "<group>";
		};
		4C4FF7AC230F620B00DAC450 /* Products */ = {
			isa = PBXGroup;
			children = (
				4C4FF7AB230F620B00DAC450 /* HabiTrack.app */,
				4C4FF7C1230F620D00DAC450 /* HabiTrackTests.xctest */,
				4C4FF7CC230F620D00DAC450 /* HabiTrackUITests.xctest */,
			);
			name = Products;
			sourceTree = "<group>";
		};
		4C4FF7AD230F620B00DAC450 /* HabiTrack */ = {
			isa = PBXGroup;
			children = (
				4C4FF7AE230F620B00DAC450 /* AppDelegate.swift */,
				4C4FF7B0230F620B00DAC450 /* FirstViewController.swift */,
				4C4FF7B2230F620B00DAC450 /* SecondViewController.swift */,
				4C4FF7B4230F620B00DAC450 /* Main.storyboard */,
				4C4FF7B7230F620D00DAC450 /* Assets.xcassets */,
				4C4FF7B9230F620D00DAC450 /* LaunchScreen.storyboard */,
				4C4FF7BC230F620D00DAC450 /* Info.plist */,
				4C89B814231B62D500AE45F4 /* Journal.swift */,
			);
			path = HabiTrack;
			sourceTree = "<group>";
		};
		4C4FF7C4230F620D00DAC450 /* HabiTrackTests */ = {
			isa = PBXGroup;
			children = (
				4C4FF7C5230F620D00DAC450 /* HabiTrackTests.swift */,
				4C4FF7C7230F620D00DAC450 /* Info.plist */,
			);
			path = HabiTrackTests;
			sourceTree = "<group>";
		};
		4C4FF7CF230F620D00DAC450 /* HabiTrackUITests */ = {
			isa = PBXGroup;
			children = (
				4C4FF7D0230F620D00DAC450 /* HabiTrackUITests.swift */,
				4C4FF7D2230F620D00DAC450 /* Info.plist */,
			);
			path = HabiTrackUITests;
			sourceTree = "<group>";
		};
		4CB004B02311A56D00417248 /* Products */ = {
			isa = PBXGroup;
			children = (
				4CB004BA2311A56E00417248 /* SQLite.framework */,
				4CB004BC2311A56E00417248 /* SQLiteTests iOS.xctest */,
				4CB004BE2311A56E00417248 /* SQLite.framework */,
				4CB004C02311A56E00417248 /* SQLiteTests Mac.xctest */,
				4CB004C22311A56E00417248 /* SQLite.framework */,
				4CB004C42311A56E00417248 /* SQLiteTests tvOS.xctest */,
				4CB004C62311A56E00417248 /* SQLite.framework */,
			);
			name = Products;
			sourceTree = "<group>";
		};
/* End PBXGroup section */

/* Begin PBXNativeTarget section */
		4C4FF7AA230F620B00DAC450 /* HabiTrack */ = {
			isa = PBXNativeTarget;
			buildConfigurationList = 4C4FF7D5230F620D00DAC450 /* Build configuration list for PBXNativeTarget "HabiTrack" */;
			buildPhases = (
				4C4FF7A7230F620B00DAC450 /* Sources */,
				4C4FF7A8230F620B00DAC450 /* Frameworks */,
				4C4FF7A9230F620B00DAC450 /* Resources */,
				4C1E45D02310A6A8004A3B7C /* Embed Frameworks */,
			);
			buildRules = (
			);
			dependencies = (
				4CB004CB2311A59400417248 /* PBXTargetDependency */,
			);
			name = HabiTrack;
			productName = HabiTrack;
			productReference = 4C4FF7AB230F620B00DAC450 /* HabiTrack.app */;
			productType = "com.apple.product-type.application";
		};
		4C4FF7C0230F620D00DAC450 /* HabiTrackTests */ = {
			isa = PBXNativeTarget;
			buildConfigurationList = 4C4FF7D8230F620D00DAC450 /* Build configuration list for PBXNativeTarget "HabiTrackTests" */;
			buildPhases = (
				4C4FF7BD230F620D00DAC450 /* Sources */,
				4C4FF7BE230F620D00DAC450 /* Frameworks */,
				4C4FF7BF230F620D00DAC450 /* Resources */,
			);
			buildRules = (
			);
			dependencies = (
				4C4FF7C3230F620D00DAC450 /* PBXTargetDependency */,
			);
			name = HabiTrackTests;
			productName = HabiTrackTests;
			productReference = 4C4FF7C1230F620D00DAC450 /* HabiTrackTests.xctest */;
			productType = "com.apple.product-type.bundle.unit-test";
		};
		4C4FF7CB230F620D00DAC450 /* HabiTrackUITests */ = {
			isa = PBXNativeTarget;
			buildConfigurationList = 4C4FF7DB230F620D00DAC450 /* Build configuration list for PBXNativeTarget "HabiTrackUITests" */;
			buildPhases = (
				4C4FF7C8230F620D00DAC450 /* Sources */,
				4C4FF7C9230F620D00DAC450 /* Frameworks */,
				4C4FF7CA230F620D00DAC450 /* Resources */,
			);
			buildRules = (
			);
			dependencies = (
				4C4FF7CE230F620D00DAC450 /* PBXTargetDependency */,
			);
			name = HabiTrackUITests;
			productName = HabiTrackUITests;
			productReference = 4C4FF7CC230F620D00DAC450 /* HabiTrackUITests.xctest */;
			productType = "com.apple.product-type.bundle.ui-testing";
		};
/* End PBXNativeTarget section */

/* Begin PBXProject section */
		4C4FF7A3230F620B00DAC450 /* Project object */ = {
			isa = PBXProject;
			attributes = {
				LastSwiftUpdateCheck = 1030;
				LastUpgradeCheck = 1030;
				ORGANIZATIONNAME = "Gavin Daniel";
				TargetAttributes = {
					4C4FF7AA230F620B00DAC450 = {
						CreatedOnToolsVersion = 10.3;
					};
					4C4FF7C0230F620D00DAC450 = {
						CreatedOnToolsVersion = 10.3;
						TestTargetID = 4C4FF7AA230F620B00DAC450;
					};
					4C4FF7CB230F620D00DAC450 = {
						CreatedOnToolsVersion = 10.3;
						TestTargetID = 4C4FF7AA230F620B00DAC450;
					};
				};
			};
			buildConfigurationList = 4C4FF7A6230F620B00DAC450 /* Build configuration list for PBXProject "HabiTrack" */;
			compatibilityVersion = "Xcode 9.3";
			developmentRegion = en;
			hasScannedForEncodings = 0;
			knownRegions = (
				en,
				Base,
			);
			mainGroup = 4C4FF7A2230F620B00DAC450;
			productRefGroup = 4C4FF7AC230F620B00DAC450 /* Products */;
			projectDirPath = "";
			projectReferences = (
				{
					ProductGroup = 4CB004B02311A56D00417248 /* Products */;
					ProjectRef = 4CB004AF2311A56D00417248 /* SQLite.xcodeproj */;
				},
			);
			projectRoot = "";
			targets = (
				4C4FF7AA230F620B00DAC450 /* HabiTrack */,
				4C4FF7C0230F620D00DAC450 /* HabiTrackTests */,
				4C4FF7CB230F620D00DAC450 /* HabiTrackUITests */,
			);
		};
/* End PBXProject section */

/* Begin PBXReferenceProxy section */
		4CB004BA2311A56E00417248 /* SQLite.framework */ = {
			isa = PBXReferenceProxy;
			fileType = wrapper.framework;
			path = SQLite.framework;
			remoteRef = 4CB004B92311A56E00417248 /* PBXContainerItemProxy */;
			sourceTree = BUILT_PRODUCTS_DIR;
		};
		4CB004BC2311A56E00417248 /* SQLiteTests iOS.xctest */ = {
			isa = PBXReferenceProxy;
			fileType = wrapper.cfbundle;
			path = "SQLiteTests iOS.xctest";
			remoteRef = 4CB004BB2311A56E00417248 /* PBXContainerItemProxy */;
			sourceTree = BUILT_PRODUCTS_DIR;
		};
		4CB004BE2311A56E00417248 /* SQLite.framework */ = {
			isa = PBXReferenceProxy;
			fileType = wrapper.framework;
			path = SQLite.framework;
			remoteRef = 4CB004BD2311A56E00417248 /* PBXContainerItemProxy */;
			sourceTree = BUILT_PRODUCTS_DIR;
		};
		4CB004C02311A56E00417248 /* SQLiteTests Mac.xctest */ = {
			isa = PBXReferenceProxy;
			fileType = wrapper.cfbundle;
			path = "SQLiteTests Mac.xctest";
			remoteRef = 4CB004BF2311A56E00417248 /* PBXContainerItemProxy */;
			sourceTree = BUILT_PRODUCTS_DIR;
		};
		4CB004C22311A56E00417248 /* SQLite.framework */ = {
			isa = PBXReferenceProxy;
			fileType = wrapper.framework;
			path = SQLite.framework;
			remoteRef = 4CB004C12311A56E00417248 /* PBXContainerItemProxy */;
			sourceTree = BUILT_PRODUCTS_DIR;
		};
		4CB004C42311A56E00417248 /* SQLiteTests tvOS.xctest */ = {
			isa = PBXReferenceProxy;
			fileType = wrapper.cfbundle;
			path = "SQLiteTests tvOS.xctest";
			remoteRef = 4CB004C32311A56E00417248 /* PBXContainerItemProxy */;
			sourceTree = BUILT_PRODUCTS_DIR;
		};
		4CB004C62311A56E00417248 /* SQLite.framework */ = {
			isa = PBXReferenceProxy;
			fileType = wrapper.framework;
			path = SQLite.framework;
			remoteRef = 4CB004C52311A56E00417248 /* PBXContainerItemProxy */;
			sourceTree = BUILT_PRODUCTS_DIR;
		};
/* End PBXReferenceProxy section */

/* Begin PBXResourcesBuildPhase section */
		4C4FF7A9230F620B00DAC450 /* Resources */ = {
			isa = PBXResourcesBuildPhase;
			buildActionMask = 2147483647;
			files = (
				4C4FF7BB230F620D00DAC450 /* LaunchScreen.storyboard in Resources */,
				4C4FF7B8230F620D00DAC450 /* Assets.xcassets in Resources */,
				4C4FF7B6230F620B00DAC450 /* Main.storyboard in Resources */,
			);
			runOnlyForDeploymentPostprocessing = 0;
		};
		4C4FF7BF230F620D00DAC450 /* Resources */ = {
			isa = PBXResourcesBuildPhase;
			buildActionMask = 2147483647;
			files = (
			);
			runOnlyForDeploymentPostprocessing = 0;
		};
		4C4FF7CA230F620D00DAC450 /* Resources */ = {
			isa = PBXResourcesBuildPhase;
			buildActionMask = 2147483647;
			files = (
			);
			runOnlyForDeploymentPostprocessing = 0;
		};
/* End PBXResourcesBuildPhase section */

/* Begin PBXSourcesBuildPhase section */
		4C4FF7A7230F620B00DAC450 /* Sources */ = {
			isa = PBXSourcesBuildPhase;
			buildActionMask = 2147483647;
			files = (
				4C4FF7B3230F620B00DAC450 /* SecondViewController.swift in Sources */,
				4C4FF7AF230F620B00DAC450 /* AppDelegate.swift in Sources */,
				4C4FF7B1230F620B00DAC450 /* FirstViewController.swift in Sources */,
				4C89B815231B62D500AE45F4 /* Journal.swift in Sources */,
			);
			runOnlyForDeploymentPostprocessing = 0;
		};
		4C4FF7BD230F620D00DAC450 /* Sources */ = {
			isa = PBXSourcesBuildPhase;
			buildActionMask = 2147483647;
			files = (
				4C4FF7C6230F620D00DAC450 /* HabiTrackTests.swift in Sources */,
			);
			runOnlyForDeploymentPostprocessing = 0;
		};
		4C4FF7C8230F620D00DAC450 /* Sources */ = {
			isa = PBXSourcesBuildPhase;
			buildActionMask = 2147483647;
			files = (
				4C4FF7D1230F620D00DAC450 /* HabiTrackUITests.swift in Sources */,
			);
			runOnlyForDeploymentPostprocessing = 0;
		};
/* End PBXSourcesBuildPhase section */

/* Begin PBXTargetDependency section */
		4C4FF7C3230F620D00DAC450 /* PBXTargetDependency */ = {
			isa = PBXTargetDependency;
			target = 4C4FF7AA230F620B00DAC450 /* HabiTrack */;
			targetProxy = 4C4FF7C2230F620D00DAC450 /* PBXContainerItemProxy */;
		};
		4C4FF7CE230F620D00DAC450 /* PBXTargetDependency */ = {
			isa = PBXTargetDependency;
			target = 4C4FF7AA230F620B00DAC450 /* HabiTrack */;
			targetProxy = 4C4FF7CD230F620D00DAC450 /* PBXContainerItemProxy */;
		};
		4CB004CB2311A59400417248 /* PBXTargetDependency */ = {
			isa = PBXTargetDependency;
			name = "SQLite iOS";
			targetProxy = 4CB004CA2311A59400417248 /* PBXContainerItemProxy */;
		};
/* End PBXTargetDependency section */

/* Begin PBXVariantGroup section */
		4C4FF7B4230F620B00DAC450 /* Main.storyboard */ = {
			isa = PBXVariantGroup;
			children = (
				4C4FF7B5230F620B00DAC450 /* Base */,
			);
			name = Main.storyboard;
			sourceTree = "<group>";
		};
		4C4FF7B9230F620D00DAC450 /* LaunchScreen.storyboard */ = {
			isa = PBXVariantGroup;
			children = (
				4C4FF7BA230F620D00DAC450 /* Base */,
			);
			name = LaunchScreen.storyboard;
			sourceTree = "<group>";
		};
/* End PBXVariantGroup section */

/* Begin XCBuildConfiguration section */
		4C4FF7D3230F620D00DAC450 /* Debug */ = {
			isa = XCBuildConfiguration;
			buildSettings = {
				ALWAYS_SEARCH_USER_PATHS = NO;
				CLANG_ANALYZER_NONNULL = YES;
				CLANG_ANALYZER_NUMBER_OBJECT_CONVERSION = YES_AGGRESSIVE;
				CLANG_CXX_LANGUAGE_STANDARD = "gnu++14";
				CLANG_CXX_LIBRARY = "libc++";
				CLANG_ENABLE_MODULES = YES;
				CLANG_ENABLE_OBJC_ARC = YES;
				CLANG_ENABLE_OBJC_WEAK = YES;
				CLANG_WARN_BLOCK_CAPTURE_AUTORELEASING = YES;
				CLANG_WARN_BOOL_CONVERSION = YES;
				CLANG_WARN_COMMA = YES;
				CLANG_WARN_CONSTANT_CONVERSION = YES;
				CLANG_WARN_DEPRECATED_OBJC_IMPLEMENTATIONS = YES;
				CLANG_WARN_DIRECT_OBJC_ISA_USAGE = YES_ERROR;
				CLANG_WARN_DOCUMENTATION_COMMENTS = YES;
				CLANG_WARN_EMPTY_BODY = YES;
				CLANG_WARN_ENUM_CONVERSION = YES;
				CLANG_WARN_INFINITE_RECURSION = YES;
				CLANG_WARN_INT_CONVERSION = YES;
				CLANG_WARN_NON_LITERAL_NULL_CONVERSION = YES;
				CLANG_WARN_OBJC_IMPLICIT_RETAIN_SELF = YES;
				CLANG_WARN_OBJC_LITERAL_CONVERSION = YES;
				CLANG_WARN_OBJC_ROOT_CLASS = YES_ERROR;
				CLANG_WARN_RANGE_LOOP_ANALYSIS = YES;
				CLANG_WARN_STRICT_PROTOTYPES = YES;
				CLANG_WARN_SUSPICIOUS_MOVE = YES;
				CLANG_WARN_UNGUARDED_AVAILABILITY = YES_AGGRESSIVE;
				CLANG_WARN_UNREACHABLE_CODE = YES;
				CLANG_WARN__DUPLICATE_METHOD_MATCH = YES;
				CODE_SIGN_IDENTITY = "iPhone Developer";
				COPY_PHASE_STRIP = NO;
				DEBUG_INFORMATION_FORMAT = dwarf;
				ENABLE_STRICT_OBJC_MSGSEND = YES;
				ENABLE_TESTABILITY = YES;
				GCC_C_LANGUAGE_STANDARD = gnu11;
				GCC_DYNAMIC_NO_PIC = NO;
				GCC_NO_COMMON_BLOCKS = YES;
				GCC_OPTIMIZATION_LEVEL = 0;
				GCC_PREPROCESSOR_DEFINITIONS = (
					"DEBUG=1",
					"$(inherited)",
				);
				GCC_WARN_64_TO_32_BIT_CONVERSION = YES;
				GCC_WARN_ABOUT_RETURN_TYPE = YES_ERROR;
				GCC_WARN_UNDECLARED_SELECTOR = YES;
				GCC_WARN_UNINITIALIZED_AUTOS = YES_AGGRESSIVE;
				GCC_WARN_UNUSED_FUNCTION = YES;
				GCC_WARN_UNUSED_VARIABLE = YES;
				IPHONEOS_DEPLOYMENT_TARGET = 12.4;
				MTL_ENABLE_DEBUG_INFO = INCLUDE_SOURCE;
				MTL_FAST_MATH = YES;
				ONLY_ACTIVE_ARCH = YES;
				SDKROOT = iphoneos;
				SWIFT_ACTIVE_COMPILATION_CONDITIONS = DEBUG;
				SWIFT_OPTIMIZATION_LEVEL = "-Onone";
			};
			name = Debug;
		};
		4C4FF7D4230F620D00DAC450 /* Release */ = {
			isa = XCBuildConfiguration;
			buildSettings = {
				ALWAYS_SEARCH_USER_PATHS = NO;
				CLANG_ANALYZER_NONNULL = YES;
				CLANG_ANALYZER_NUMBER_OBJECT_CONVERSION = YES_AGGRESSIVE;
				CLANG_CXX_LANGUAGE_STANDARD = "gnu++14";
				CLANG_CXX_LIBRARY = "libc++";
				CLANG_ENABLE_MODULES = YES;
				CLANG_ENABLE_OBJC_ARC = YES;
				CLANG_ENABLE_OBJC_WEAK = YES;
				CLANG_WARN_BLOCK_CAPTURE_AUTORELEASING = YES;
				CLANG_WARN_BOOL_CONVERSION = YES;
				CLANG_WARN_COMMA = YES;
				CLANG_WARN_CONSTANT_CONVERSION = YES;
				CLANG_WARN_DEPRECATED_OBJC_IMPLEMENTATIONS = YES;
				CLANG_WARN_DIRECT_OBJC_ISA_USAGE = YES_ERROR;
				CLANG_WARN_DOCUMENTATION_COMMENTS = YES;
				CLANG_WARN_EMPTY_BODY = YES;
				CLANG_WARN_ENUM_CONVERSION = YES;
				CLANG_WARN_INFINITE_RECURSION = YES;
				CLANG_WARN_INT_CONVERSION = YES;
				CLANG_WARN_NON_LITERAL_NULL_CONVERSION = YES;
				CLANG_WARN_OBJC_IMPLICIT_RETAIN_SELF = YES;
				CLANG_WARN_OBJC_LITERAL_CONVERSION = YES;
				CLANG_WARN_OBJC_ROOT_CLASS = YES_ERROR;
				CLANG_WARN_RANGE_LOOP_ANALYSIS = YES;
				CLANG_WARN_STRICT_PROTOTYPES = YES;
				CLANG_WARN_SUSPICIOUS_MOVE = YES;
				CLANG_WARN_UNGUARDED_AVAILABILITY = YES_AGGRESSIVE;
				CLANG_WARN_UNREACHABLE_CODE = YES;
				CLANG_WARN__DUPLICATE_METHOD_MATCH = YES;
				CODE_SIGN_IDENTITY = "iPhone Developer";
				COPY_PHASE_STRIP = NO;
				DEBUG_INFORMATION_FORMAT = "dwarf-with-dsym";
				ENABLE_NS_ASSERTIONS = NO;
				ENABLE_STRICT_OBJC_MSGSEND = YES;
				GCC_C_LANGUAGE_STANDARD = gnu11;
				GCC_NO_COMMON_BLOCKS = YES;
				GCC_WARN_64_TO_32_BIT_CONVERSION = YES;
				GCC_WARN_ABOUT_RETURN_TYPE = YES_ERROR;
				GCC_WARN_UNDECLARED_SELECTOR = YES;
				GCC_WARN_UNINITIALIZED_AUTOS = YES_AGGRESSIVE;
				GCC_WARN_UNUSED_FUNCTION = YES;
				GCC_WARN_UNUSED_VARIABLE = YES;
				IPHONEOS_DEPLOYMENT_TARGET = 12.4;
				MTL_ENABLE_DEBUG_INFO = NO;
				MTL_FAST_MATH = YES;
				SDKROOT = iphoneos;
				SWIFT_COMPILATION_MODE = wholemodule;
				SWIFT_OPTIMIZATION_LEVEL = "-O";
				VALIDATE_PRODUCT = YES;
			};
			name = Release;
		};
		4C4FF7D6230F620D00DAC450 /* Debug */ = {
			isa = XCBuildConfiguration;
			buildSettings = {
				ALWAYS_EMBED_SWIFT_STANDARD_LIBRARIES = YES;
				ASSETCATALOG_COMPILER_APPICON_NAME = AppIcon;
				CODE_SIGN_STYLE = Automatic;
				DEVELOPMENT_TEAM = Y4984Z4727;
				INFOPLIST_FILE = HabiTrack/Info.plist;
				LD_RUNPATH_SEARCH_PATHS = (
					"$(inherited)",
					"@executable_path/Frameworks",
				);
				PRODUCT_BUNDLE_IDENTIFIER = gavindaniel.HabiTrack;
				PRODUCT_NAME = "$(TARGET_NAME)";
				SWIFT_VERSION = 5.0;
				TARGETED_DEVICE_FAMILY = "1,2";
			};
			name = Debug;
		};
		4C4FF7D7230F620D00DAC450 /* Release */ = {
			isa = XCBuildConfiguration;
			buildSettings = {
				ALWAYS_EMBED_SWIFT_STANDARD_LIBRARIES = YES;
				ASSETCATALOG_COMPILER_APPICON_NAME = AppIcon;
				CODE_SIGN_STYLE = Automatic;
				DEVELOPMENT_TEAM = Y4984Z4727;
				INFOPLIST_FILE = HabiTrack/Info.plist;
				LD_RUNPATH_SEARCH_PATHS = (
					"$(inherited)",
					"@executable_path/Frameworks",
				);
				PRODUCT_BUNDLE_IDENTIFIER = gavindaniel.HabiTrack;
				PRODUCT_NAME = "$(TARGET_NAME)";
				SWIFT_VERSION = 5.0;
				TARGETED_DEVICE_FAMILY = "1,2";
			};
			name = Release;
		};
		4C4FF7D9230F620D00DAC450 /* Debug */ = {
			isa = XCBuildConfiguration;
			buildSettings = {
				ALWAYS_EMBED_SWIFT_STANDARD_LIBRARIES = YES;
				BUNDLE_LOADER = "$(TEST_HOST)";
				CODE_SIGN_STYLE = Automatic;
				INFOPLIST_FILE = HabiTrackTests/Info.plist;
				LD_RUNPATH_SEARCH_PATHS = (
					"$(inherited)",
					"@executable_path/Frameworks",
					"@loader_path/Frameworks",
				);
				PRODUCT_BUNDLE_IDENTIFIER = gavindaniel.HabiTrackTests;
				PRODUCT_NAME = "$(TARGET_NAME)";
				SWIFT_VERSION = 5.0;
				TARGETED_DEVICE_FAMILY = "1,2";
				TEST_HOST = "$(BUILT_PRODUCTS_DIR)/HabiTrack.app/HabiTrack";
			};
			name = Debug;
		};
		4C4FF7DA230F620D00DAC450 /* Release */ = {
			isa = XCBuildConfiguration;
			buildSettings = {
				ALWAYS_EMBED_SWIFT_STANDARD_LIBRARIES = YES;
				BUNDLE_LOADER = "$(TEST_HOST)";
				CODE_SIGN_STYLE = Automatic;
				INFOPLIST_FILE = HabiTrackTests/Info.plist;
				LD_RUNPATH_SEARCH_PATHS = (
					"$(inherited)",
					"@executable_path/Frameworks",
					"@loader_path/Frameworks",
				);
				PRODUCT_BUNDLE_IDENTIFIER = gavindaniel.HabiTrackTests;
				PRODUCT_NAME = "$(TARGET_NAME)";
				SWIFT_VERSION = 5.0;
				TARGETED_DEVICE_FAMILY = "1,2";
				TEST_HOST = "$(BUILT_PRODUCTS_DIR)/HabiTrack.app/HabiTrack";
			};
			name = Release;
		};
		4C4FF7DC230F620D00DAC450 /* Debug */ = {
			isa = XCBuildConfiguration;
			buildSettings = {
				ALWAYS_EMBED_SWIFT_STANDARD_LIBRARIES = YES;
				CODE_SIGN_STYLE = Automatic;
				INFOPLIST_FILE = HabiTrackUITests/Info.plist;
				LD_RUNPATH_SEARCH_PATHS = (
					"$(inherited)",
					"@executable_path/Frameworks",
					"@loader_path/Frameworks",
				);
				PRODUCT_BUNDLE_IDENTIFIER = gavindaniel.HabiTrackUITests;
				PRODUCT_NAME = "$(TARGET_NAME)";
				SWIFT_VERSION = 5.0;
				TARGETED_DEVICE_FAMILY = "1,2";
				TEST_TARGET_NAME = HabiTrack;
			};
			name = Debug;
		};
		4C4FF7DD230F620D00DAC450 /* Release */ = {
			isa = XCBuildConfiguration;
			buildSettings = {
				ALWAYS_EMBED_SWIFT_STANDARD_LIBRARIES = YES;
				CODE_SIGN_STYLE = Automatic;
				INFOPLIST_FILE = HabiTrackUITests/Info.plist;
				LD_RUNPATH_SEARCH_PATHS = (
					"$(inherited)",
					"@executable_path/Frameworks",
					"@loader_path/Frameworks",
				);
				PRODUCT_BUNDLE_IDENTIFIER = gavindaniel.HabiTrackUITests;
				PRODUCT_NAME = "$(TARGET_NAME)";
				SWIFT_VERSION = 5.0;
				TARGETED_DEVICE_FAMILY = "1,2";
				TEST_TARGET_NAME = HabiTrack;
			};
			name = Release;
		};
/* End XCBuildConfiguration section */

/* Begin XCConfigurationList section */
		4C4FF7A6230F620B00DAC450 /* Build configuration list for PBXProject "HabiTrack" */ = {
			isa = XCConfigurationList;
			buildConfigurations = (
				4C4FF7D3230F620D00DAC450 /* Debug */,
				4C4FF7D4230F620D00DAC450 /* Release */,
			);
			defaultConfigurationIsVisible = 0;
			defaultConfigurationName = Release;
		};
		4C4FF7D5230F620D00DAC450 /* Build configuration list for PBXNativeTarget "HabiTrack" */ = {
			isa = XCConfigurationList;
			buildConfigurations = (
				4C4FF7D6230F620D00DAC450 /* Debug */,
				4C4FF7D7230F620D00DAC450 /* Release */,
			);
			defaultConfigurationIsVisible = 0;
			defaultConfigurationName = Release;
		};
		4C4FF7D8230F620D00DAC450 /* Build configuration list for PBXNativeTarget "HabiTrackTests" */ = {
			isa = XCConfigurationList;
			buildConfigurations = (
				4C4FF7D9230F620D00DAC450 /* Debug */,
				4C4FF7DA230F620D00DAC450 /* Release */,
			);
			defaultConfigurationIsVisible = 0;
			defaultConfigurationName = Release;
		};
		4C4FF7DB230F620D00DAC450 /* Build configuration list for PBXNativeTarget "HabiTrackUITests" */ = {
			isa = XCConfigurationList;
			buildConfigurations = (
				4C4FF7DC230F620D00DAC450 /* Debug */,
				4C4FF7DD230F620D00DAC450 /* Release */,
			);
			defaultConfigurationIsVisible = 0;
			defaultConfigurationName = Release;
		};
/* End XCConfigurationList section */
	};
	rootObject = 4C4FF7A3230F620B00DAC450 /* Project object */;
}
